
Microsoft Visual Studio Solution File, Format Version 12.00
# Visual Studio Version 16
VisualStudioVersion = 16.0.29411.138
MinimumVisualStudioVersion = 10.0.40219.1
Project("{9A19103F-16F7-4668-BE54-9A1E7A4F7556}") = "ImageProcessEffects", "ImageProcessEffects\ImageProcessEffects.csproj", "{78630896-D2FA-4491-BAAA-4190B5305A58}"
EndProject
Project("{FAE04EC0-301F-11D3-BF4B-00C04F79EFBC}") = "ImageProcessEffects.Core", "ImageProcessEffects.Core\ImageProcessEffects.Core.csproj", "{5A34E446-C0E5-48E8-8955-20EA32282916}"
EndProject
Project("{FAE04EC0-301F-11D3-BF4B-00C04F79EFBC}") = "ImageProcessEffects.Service", "ImageProcessEffects.Service\ImageProcessEffects.Service.csproj", "{29B12548-D350-403E-A6D0-47BE236E64C0}"
EndProject
Global
	GlobalSection(SolutionConfigurationPlatforms) = preSolution
		Debug|Any CPU = Debug|Any CPU
		Release|Any CPU = Release|Any CPU
	EndGlobalSection
	GlobalSection(ProjectConfigurationPlatforms) = postSolution
		{78630896-D2FA-4491-BAAA-4190B5305A58}.Debug|Any CPU.ActiveCfg = Debug|Any CPU
		{78630896-D2FA-4491-BAAA-4190B5305A58}.Debug|Any CPU.Build.0 = Debug|Any CPU
		{78630896-D2FA-4491-BAAA-4190B5305A58}.Release|Any CPU.ActiveCfg = Release|Any CPU
		{78630896-D2FA-4491-BAAA-4190B5305A58}.Release|Any CPU.Build.0 = Release|Any CPU
		{5A34E446-C0E5-48E8-8955-20EA32282916}.Debug|Any CPU.ActiveCfg = Debug|Any CPU
		{5A34E446-C0E5-48E8-8955-20EA32282916}.Debug|Any CPU.Build.0 = Debug|Any CPU
		{5A34E446-C0E5-48E8-8955-20EA32282916}.Release|Any CPU.ActiveCfg = Release|Any CPU
		{5A34E446-C0E5-48E8-8955-20EA32282916}.Release|Any CPU.Build.0 = Release|Any CPU
		{29B12548-D350-403E-A6D0-47BE236E64C0}.Debug|Any CPU.ActiveCfg = Debug|Any CPU
		{29B12548-D350-403E-A6D0-47BE236E64C0}.Debug|Any CPU.Build.0 = Debug|Any CPU
		{29B12548-D350-403E-A6D0-47BE236E64C0}.Release|Any CPU.ActiveCfg = Release|Any CPU
		{29B12548-D350-403E-A6D0-47BE236E64C0}.Release|Any CPU.Build.0 = Release|Any CPU
	EndGlobalSection
	GlobalSection(SolutionProperties) = preSolution
		HideSolutionNode = FALSE
	EndGlobalSection
	GlobalSection(ExtensibilityGlobals) = postSolution
		SolutionGuid = {6784A3D2-E77D-4AAB-8ED2-AC69C8F19E4E}
	EndGlobalSection
EndGlobal
